
Microsoft Visual Studio Solution File, Format Version 12.00
# Visual Studio Version 17
VisualStudioVersion = 17.3.32922.545
MinimumVisualStudioVersion = 10.0.40219.1
Project("{FAE04EC0-301F-11D3-BF4B-00C04F79EFBC}") = "ЗАНЯТИЕ 16_12", "ЗАНЯТИЕ 16_12\ЗАНЯТИЕ 16_12.csproj", "{A21D3B0E-C5D9-40BF-A24C-8E0A20A05BA8}"
EndProject
Global
	GlobalSection(SolutionConfigurationPlatforms) = preSolution
		Debug|Any CPU = Debug|Any CPU
		Release|Any CPU = Release|Any CPU
	EndGlobalSection
	GlobalSection(ProjectConfigurationPlatforms) = postSolution
		{A21D3B0E-C5D9-40BF-A24C-8E0A20A05BA8}.Debug|Any CPU.ActiveCfg = Debug|Any CPU
		{A21D3B0E-C5D9-40BF-A24C-8E0A20A05BA8}.Debug|Any CPU.Build.0 = Debug|Any CPU
		{A21D3B0E-C5D9-40BF-A24C-8E0A20A05BA8}.Release|Any CPU.ActiveCfg = Release|Any CPU
		{A21D3B0E-C5D9-40BF-A24C-8E0A20A05BA8}.Release|Any CPU.Build.0 = Release|Any CPU
	EndGlobalSection
	GlobalSection(SolutionProperties) = preSolution
		HideSolutionNode = FALSE
	EndGlobalSection
	GlobalSection(ExtensibilityGlobals) = postSolution
		SolutionGuid = {EA056478-6212-4A27-86DC-F970BA4B1AEE}
	EndGlobalSection
EndGlobal
